# THIS IS AN AUTOGENERATED FILE. DO NOT EDIT THIS FILE DIRECTLY.
# yarn lockfile v1


"@dogstudio/highway@^2.2.1":
  version "2.2.1"
  resolved "https://registry.yarnpkg.com/@dogstudio/highway/-/highway-2.2.1.tgz#bf33cb3a026e9362e18468043574363204c16fa8"
  integrity sha512-/03I5fib34y22VGjYFy2y1U0LHPlodH/Ua+YHil6CRf1tcD8uCIHvSH2s2B9rc2I9hjEPTC9I3VfYBIYKiXLAg==
  dependencies:
    tiny-emitter "^2.1.0"

gsap@^3.10.4:
  version "3.10.4"
  resolved "https://registry.yarnpkg.com/gsap/-/gsap-3.10.4.tgz#db89a6b8f6d5cb76e274eae822cbc1aa4d31e88f"
  integrity sha512-6QatdkKxXCMfvCW4rM++0RqyLQAzFX5nwl3yHS0XPgkZBkiSEY3VZVbMltrdtsbER/xZonLtyHt684wRp4erlQ==

jquery@^3.6.0:
  version "3.6.0"
  resolved "https://registry.yarnpkg.com/jquery/-/jquery-3.6.0.tgz#c72a09f15c1bdce142f49dbf1170bdf8adac2470"
  integrity sha512-JVzAR/AjBvVt2BmYhxRCSYysDsPcssdmTFnzyLEts9qNwmjmu4JTAMYubEfwVOSwpQ1I1sKKFcxhZCI2buerfw==

tiny-emitter@^2.1.0:
  version "2.1.0"
  resolved "https://registry.yarnpkg.com/tiny-emitter/-/tiny-emitter-2.1.0.tgz#1d1a56edfc51c43e863cbb5382a72330e3555423"
  integrity sha512-NB6Dk1A9xgQPMoGqC5CVXn123gWyte215ONT5Pp5a0yt4nlEoO1ZWeCwpncaekPHXO60i47ihFnZPiRPjRMq4Q==
